
Microsoft Visual Studio Solution File, Format Version 11.00
# Visual Studio 2010
Project("{FAE04EC0-301F-11D3-BF4B-00C04F79EFBC}") = "FittsStudy", "FittsStudy.csproj", "{B780D77B-4201-4837-9004-00C8252D718F}"
EndProject
Global
	GlobalSection(SolutionConfigurationPlatforms) = preSolution
		Debug|Any CPU = Debug|Any CPU
		Release|Any CPU = Release|Any CPU
	EndGlobalSection
	GlobalSection(ProjectConfigurationPlatforms) = postSolution
		{B780D77B-4201-4837-9004-00C8252D718F}.Debug|Any CPU.ActiveCfg = Debug|Any CPU
		{B780D77B-4201-4837-9004-00C8252D718F}.Debug|Any CPU.Build.0 = Debug|Any CPU
		{B780D77B-4201-4837-9004-00C8252D718F}.Release|Any CPU.ActiveCfg = Release|Any CPU
		{B780D77B-4201-4837-9004-00C8252D718F}.Release|Any CPU.Build.0 = Release|Any CPU
	EndGlobalSection
	GlobalSection(SolutionProperties) = preSolution
		HideSolutionNode = FALSE
	EndGlobalSection
EndGlobal
